
Microsoft Visual Studio Solution File, Format Version 12.00
# Visual Studio Version 17
VisualStudioVersion = 17.1.32414.318
MinimumVisualStudioVersion = 10.0.40219.1
Project("{FAE04EC0-301F-11D3-BF4B-00C04F79EFBC}") = "StudentData", "StudentData.csproj", "{0ED4B653-F908-422C-A3A8-5E588640F1C6}"
EndProject
Project("{FAE04EC0-301F-11D3-BF4B-00C04F79EFBC}") = "SortedStudentData", "..\SortedStudentData\SortedStudentData.csproj", "{74E052F2-184E-4C8C-B76B-637CD0DD5A3B}"
EndProject
Global
	GlobalSection(SolutionConfigurationPlatforms) = preSolution
		Debug|Any CPU = Debug|Any CPU
		Release|Any CPU = Release|Any CPU
	EndGlobalSection
	GlobalSection(ProjectConfigurationPlatforms) = postSolution
		{0ED4B653-F908-422C-A3A8-5E588640F1C6}.Debug|Any CPU.ActiveCfg = Debug|Any CPU
		{0ED4B653-F908-422C-A3A8-5E588640F1C6}.Debug|Any CPU.Build.0 = Debug|Any CPU
		{0ED4B653-F908-422C-A3A8-5E588640F1C6}.Release|Any CPU.ActiveCfg = Release|Any CPU
		{0ED4B653-F908-422C-A3A8-5E588640F1C6}.Release|Any CPU.Build.0 = Release|Any CPU
		{74E052F2-184E-4C8C-B76B-637CD0DD5A3B}.Debug|Any CPU.ActiveCfg = Debug|Any CPU
		{74E052F2-184E-4C8C-B76B-637CD0DD5A3B}.Debug|Any CPU.Build.0 = Debug|Any CPU
		{74E052F2-184E-4C8C-B76B-637CD0DD5A3B}.Release|Any CPU.ActiveCfg = Release|Any CPU
		{74E052F2-184E-4C8C-B76B-637CD0DD5A3B}.Release|Any CPU.Build.0 = Release|Any CPU
	EndGlobalSection
	GlobalSection(SolutionProperties) = preSolution
		HideSolutionNode = FALSE
	EndGlobalSection
	GlobalSection(ExtensibilityGlobals) = postSolution
		SolutionGuid = {1FBD7589-DFA2-482F-8683-3AB54EF997C5}
	EndGlobalSection
EndGlobal
