
Microsoft Visual Studio Solution File, Format Version 12.00
# Visual Studio Version 17
VisualStudioVersion = 17.1.32407.343
MinimumVisualStudioVersion = 10.0.40219.1
Project("{FAE04EC0-301F-11D3-BF4B-00C04F79EFBC}") = "TeachersData", "TeachersData.csproj", "{598E409A-0864-4388-8797-824455619631}"
EndProject
Global
	GlobalSection(SolutionConfigurationPlatforms) = preSolution
		Debug|Any CPU = Debug|Any CPU
		Release|Any CPU = Release|Any CPU
	EndGlobalSection
	GlobalSection(ProjectConfigurationPlatforms) = postSolution
		{598E409A-0864-4388-8797-824455619631}.Debug|Any CPU.ActiveCfg = Debug|Any CPU
		{598E409A-0864-4388-8797-824455619631}.Debug|Any CPU.Build.0 = Debug|Any CPU
		{598E409A-0864-4388-8797-824455619631}.Release|Any CPU.ActiveCfg = Release|Any CPU
		{598E409A-0864-4388-8797-824455619631}.Release|Any CPU.Build.0 = Release|Any CPU
	EndGlobalSection
	GlobalSection(SolutionProperties) = preSolution
		HideSolutionNode = FALSE
	EndGlobalSection
	GlobalSection(ExtensibilityGlobals) = postSolution
		SolutionGuid = {8118DA29-FF31-4B34-8EF1-ADEA4933638B}
	EndGlobalSection
EndGlobal
